
Microsoft Visual Studio Solution File, Format Version 12.00
# Visual Studio Version 17
VisualStudioVersion = 17.9.34714.143
MinimumVisualStudioVersion = 10.0.40219.1
Project("{2150E333-8FDC-42A3-9474-1A3956D46DE8}") = "src", "src", "{15B4F136-54B1-47F3-B558-4C1DA1DB696D}"
EndProject
Project("{FAE04EC0-301F-11D3-BF4B-00C04F79EFBC}") = "Blog.Api", "src\Blog.Api\Blog.Api.csproj", "{F740CFC2-2533-4B3E-9F1D-C929B5369E76}"
EndProject
Project("{FAE04EC0-301F-11D3-BF4B-00C04F79EFBC}") = "Blog.Core", "src\Blog.Core\Blog.Core.csproj", "{24753959-430B-4F0E-9A74-023EDBE20C6B}"
EndProject
Project("{FAE04EC0-301F-11D3-BF4B-00C04F79EFBC}") = "Blog.Data", "src\Blog.Data\Blog.Data.csproj", "{3DA10DDE-A3A7-4B98-80CB-9FD8B8A63F9B}"
EndProject
Project("{FAE04EC0-301F-11D3-BF4B-00C04F79EFBC}") = "Blog.WebApp", "src\Blog.WebApp\Blog.WebApp.csproj", "{4A426C1B-2279-43DD-971C-070CC56B7435}"
EndProject
Global
	GlobalSection(SolutionConfigurationPlatforms) = preSolution
		Debug|Any CPU = Debug|Any CPU
		Release|Any CPU = Release|Any CPU
	EndGlobalSection
	GlobalSection(ProjectConfigurationPlatforms) = postSolution
		{F740CFC2-2533-4B3E-9F1D-C929B5369E76}.Debug|Any CPU.ActiveCfg = Debug|Any CPU
		{F740CFC2-2533-4B3E-9F1D-C929B5369E76}.Debug|Any CPU.Build.0 = Debug|Any CPU
		{F740CFC2-2533-4B3E-9F1D-C929B5369E76}.Release|Any CPU.ActiveCfg = Release|Any CPU
		{F740CFC2-2533-4B3E-9F1D-C929B5369E76}.Release|Any CPU.Build.0 = Release|Any CPU
		{24753959-430B-4F0E-9A74-023EDBE20C6B}.Debug|Any CPU.ActiveCfg = Debug|Any CPU
		{24753959-430B-4F0E-9A74-023EDBE20C6B}.Debug|Any CPU.Build.0 = Debug|Any CPU
		{24753959-430B-4F0E-9A74-023EDBE20C6B}.Release|Any CPU.ActiveCfg = Release|Any CPU
		{24753959-430B-4F0E-9A74-023EDBE20C6B}.Release|Any CPU.Build.0 = Release|Any CPU
		{3DA10DDE-A3A7-4B98-80CB-9FD8B8A63F9B}.Debug|Any CPU.ActiveCfg = Debug|Any CPU
		{3DA10DDE-A3A7-4B98-80CB-9FD8B8A63F9B}.Debug|Any CPU.Build.0 = Debug|Any CPU
		{3DA10DDE-A3A7-4B98-80CB-9FD8B8A63F9B}.Release|Any CPU.ActiveCfg = Release|Any CPU
		{3DA10DDE-A3A7-4B98-80CB-9FD8B8A63F9B}.Release|Any CPU.Build.0 = Release|Any CPU
		{4A426C1B-2279-43DD-971C-070CC56B7435}.Debug|Any CPU.ActiveCfg = Debug|Any CPU
		{4A426C1B-2279-43DD-971C-070CC56B7435}.Debug|Any CPU.Build.0 = Debug|Any CPU
		{4A426C1B-2279-43DD-971C-070CC56B7435}.Release|Any CPU.ActiveCfg = Release|Any CPU
		{4A426C1B-2279-43DD-971C-070CC56B7435}.Release|Any CPU.Build.0 = Release|Any CPU
	EndGlobalSection
	GlobalSection(SolutionProperties) = preSolution
		HideSolutionNode = FALSE
	EndGlobalSection
	GlobalSection(NestedProjects) = preSolution
		{F740CFC2-2533-4B3E-9F1D-C929B5369E76} = {15B4F136-54B1-47F3-B558-4C1DA1DB696D}
		{24753959-430B-4F0E-9A74-023EDBE20C6B} = {15B4F136-54B1-47F3-B558-4C1DA1DB696D}
		{3DA10DDE-A3A7-4B98-80CB-9FD8B8A63F9B} = {15B4F136-54B1-47F3-B558-4C1DA1DB696D}
		{4A426C1B-2279-43DD-971C-070CC56B7435} = {15B4F136-54B1-47F3-B558-4C1DA1DB696D}
	EndGlobalSection
	GlobalSection(ExtensibilityGlobals) = postSolution
		SolutionGuid = {ABF834AB-61C7-4D71-AA48-562A0AEAA368}
	EndGlobalSection
EndGlobal
